<?xml version="1.0" encoding="utf-8"?>
<Project ToolsVersion="4.0" xmlns="http://schemas.microsoft.com/developer/msbuild/2003">
  <ItemGroup>
    <Filter Include="Zebra">
      <UniqueIdentifier>{B9AF940E-25C4-BCBF-EE45-601F5A19B9F0}</UniqueIdentifier>
    </Filter>
  </ItemGroup>
  <ItemGroup>
    <ClInclude Include="src\Zebra.h" />
    <ClInclude Include="src\Zebra\Application.h">
      <Filter>Zebra</Filter>
    </ClInclude>
    <ClInclude Include="src\Zebra\Core.h">
      <Filter>Zebra</Filter>
    </ClInclude>
    <ClInclude Include="src\Zebra\EntryPoint.h">
      <Filter>Zebra</Filter>
    </ClInclude>
    <ClInclude Include="src\Zebra\Log.h">
      <Filter>Zebra</Filter>
    </ClInclude>
  </ItemGroup>
  <ItemGroup>
    <ClCompile Include="src\Zebra\Application.cpp">
      <Filter>Zebra</Filter>
    </ClCompile>
    <ClCompile Include="src\Zebra\Log.cpp">
      <Filter>Zebra</Filter>
    </ClCompile>
  </ItemGroup>
</Project>